
Microsoft Visual Studio Solution File, Format Version 12.00
# Visual Studio Version 17
VisualStudioVersion = 17.2.32616.157
MinimumVisualStudioVersion = 10.0.40219.1
Project("{FAE04EC0-301F-11D3-BF4B-00C04F79EFBC}") = "BookStoreAPI", "BookStoreAPI\BookStoreAPI.csproj", "{A7D244B5-78DF-4A7B-AF2E-8909970C9063}"
EndProject
Project("{FAE04EC0-301F-11D3-BF4B-00C04F79EFBC}") = "BookStore.Models", "BookStore.Models\BookStore.Models.csproj", "{6B163E98-7E6C-4098-92F0-20439ED62C71}"
EndProject
Project("{FAE04EC0-301F-11D3-BF4B-00C04F79EFBC}") = "BookStore.Repository", "BookStore.Repository\BookStore.Repository.csproj", "{62C38062-B640-4F30-9C84-D3EE90DA8951}"
EndProject
Global
	GlobalSection(SolutionConfigurationPlatforms) = preSolution
		Debug|Any CPU = Debug|Any CPU
		Release|Any CPU = Release|Any CPU
	EndGlobalSection
	GlobalSection(ProjectConfigurationPlatforms) = postSolution
		{A7D244B5-78DF-4A7B-AF2E-8909970C9063}.Debug|Any CPU.ActiveCfg = Debug|Any CPU
		{A7D244B5-78DF-4A7B-AF2E-8909970C9063}.Debug|Any CPU.Build.0 = Debug|Any CPU
		{A7D244B5-78DF-4A7B-AF2E-8909970C9063}.Release|Any CPU.ActiveCfg = Release|Any CPU
		{A7D244B5-78DF-4A7B-AF2E-8909970C9063}.Release|Any CPU.Build.0 = Release|Any CPU
		{6B163E98-7E6C-4098-92F0-20439ED62C71}.Debug|Any CPU.ActiveCfg = Debug|Any CPU
		{6B163E98-7E6C-4098-92F0-20439ED62C71}.Debug|Any CPU.Build.0 = Debug|Any CPU
		{6B163E98-7E6C-4098-92F0-20439ED62C71}.Release|Any CPU.ActiveCfg = Release|Any CPU
		{6B163E98-7E6C-4098-92F0-20439ED62C71}.Release|Any CPU.Build.0 = Release|Any CPU
		{62C38062-B640-4F30-9C84-D3EE90DA8951}.Debug|Any CPU.ActiveCfg = Debug|Any CPU
		{62C38062-B640-4F30-9C84-D3EE90DA8951}.Debug|Any CPU.Build.0 = Debug|Any CPU
		{62C38062-B640-4F30-9C84-D3EE90DA8951}.Release|Any CPU.ActiveCfg = Release|Any CPU
		{62C38062-B640-4F30-9C84-D3EE90DA8951}.Release|Any CPU.Build.0 = Release|Any CPU
	EndGlobalSection
	GlobalSection(SolutionProperties) = preSolution
		HideSolutionNode = FALSE
	EndGlobalSection
	GlobalSection(ExtensibilityGlobals) = postSolution
		SolutionGuid = {0C7881F3-A82A-46EB-8B59-E67BE8169832}
	EndGlobalSection
EndGlobal
